
Microsoft Visual Studio Solution File, Format Version 12.00
# Visual Studio Version 17
VisualStudioVersion = 17.4.33205.214
MinimumVisualStudioVersion = 10.0.40219.1
Project("{FAE04EC0-301F-11D3-BF4B-00C04F79EFBC}") = "ConsoleApp", "ConsoleApp.csproj", "{9C6E9505-AA9A-4604-81E9-91127D4BD5F9}"
EndProject
Global
	GlobalSection(SolutionConfigurationPlatforms) = preSolution
		Debug|Any CPU = Debug|Any CPU
		Release|Any CPU = Release|Any CPU
	EndGlobalSection
	GlobalSection(ProjectConfigurationPlatforms) = postSolution
		{9C6E9505-AA9A-4604-81E9-91127D4BD5F9}.Debug|Any CPU.ActiveCfg = Debug|Any CPU
		{9C6E9505-AA9A-4604-81E9-91127D4BD5F9}.Debug|Any CPU.Build.0 = Debug|Any CPU
		{9C6E9505-AA9A-4604-81E9-91127D4BD5F9}.Release|Any CPU.ActiveCfg = Release|Any CPU
		{9C6E9505-AA9A-4604-81E9-91127D4BD5F9}.Release|Any CPU.Build.0 = Release|Any CPU
	EndGlobalSection
	GlobalSection(SolutionProperties) = preSolution
		HideSolutionNode = FALSE
	EndGlobalSection
	GlobalSection(ExtensibilityGlobals) = postSolution
		SolutionGuid = {B1BC6CBF-3C37-4EF0-98BF-C442E1265681}
	EndGlobalSection
EndGlobal
